
Microsoft Visual Studio Solution File, Format Version 12.00
# Visual Studio Version 17
VisualStudioVersion = 17.9.34723.18
MinimumVisualStudioVersion = 10.0.40219.1
Project("{FAE04EC0-301F-11D3-BF4B-00C04F79EFBC}") = "Terastala-optimeerimine", "Terastala-optimeerimine.csproj", "{A6879BF1-944F-4FC3-B237-943B693F3729}"
EndProject
Global
	GlobalSection(SolutionConfigurationPlatforms) = preSolution
		Debug|Any CPU = Debug|Any CPU
		Release|Any CPU = Release|Any CPU
	EndGlobalSection
	GlobalSection(ProjectConfigurationPlatforms) = postSolution
		{A6879BF1-944F-4FC3-B237-943B693F3729}.Debug|Any CPU.ActiveCfg = Debug|Any CPU
		{A6879BF1-944F-4FC3-B237-943B693F3729}.Debug|Any CPU.Build.0 = Debug|Any CPU
		{A6879BF1-944F-4FC3-B237-943B693F3729}.Release|Any CPU.ActiveCfg = Release|Any CPU
		{A6879BF1-944F-4FC3-B237-943B693F3729}.Release|Any CPU.Build.0 = Release|Any CPU
	EndGlobalSection
	GlobalSection(SolutionProperties) = preSolution
		HideSolutionNode = FALSE
	EndGlobalSection
	GlobalSection(ExtensibilityGlobals) = postSolution
		SolutionGuid = {CC765325-5DA1-48A7-9FCC-D00144438BA8}
	EndGlobalSection
EndGlobal
